
Microsoft Visual Studio Solution File, Format Version 12.00
# Visual Studio Version 16
VisualStudioVersion = 16.0.30907.101
MinimumVisualStudioVersion = 10.0.40219.1
Project("{FAE04EC0-301F-11D3-BF4B-00C04F79EFBC}") = "TestGit", "TestGit\TestGit.csproj", "{378EF84C-FDDE-4CB4-B517-C30B86FC40DD}"
EndProject
Global
	GlobalSection(SolutionConfigurationPlatforms) = preSolution
		Debug|Any CPU = Debug|Any CPU
		Release|Any CPU = Release|Any CPU
	EndGlobalSection
	GlobalSection(ProjectConfigurationPlatforms) = postSolution
		{378EF84C-FDDE-4CB4-B517-C30B86FC40DD}.Debug|Any CPU.ActiveCfg = Debug|Any CPU
		{378EF84C-FDDE-4CB4-B517-C30B86FC40DD}.Debug|Any CPU.Build.0 = Debug|Any CPU
		{378EF84C-FDDE-4CB4-B517-C30B86FC40DD}.Release|Any CPU.ActiveCfg = Release|Any CPU
		{378EF84C-FDDE-4CB4-B517-C30B86FC40DD}.Release|Any CPU.Build.0 = Release|Any CPU
	EndGlobalSection
	GlobalSection(SolutionProperties) = preSolution
		HideSolutionNode = FALSE
	EndGlobalSection
	GlobalSection(ExtensibilityGlobals) = postSolution
		SolutionGuid = {F379E28C-67D1-4A76-97E5-88B173E8E28D}
	EndGlobalSection
EndGlobal
